
Microsoft Visual Studio Solution File, Format Version 12.00
# Visual Studio Version 17
VisualStudioVersion = 17.5.33424.131
MinimumVisualStudioVersion = 10.0.40219.1
Project("{FAE04EC0-301F-11D3-BF4B-00C04F79EFBC}") = "NZWalks.API", "NZWalks.API\NZWalks.API.csproj", "{32101B9F-043F-443B-9B6F-A9B294E216BE}"
EndProject
Global
	GlobalSection(SolutionConfigurationPlatforms) = preSolution
		Debug|Any CPU = Debug|Any CPU
		Release|Any CPU = Release|Any CPU
	EndGlobalSection
	GlobalSection(ProjectConfigurationPlatforms) = postSolution
		{32101B9F-043F-443B-9B6F-A9B294E216BE}.Debug|Any CPU.ActiveCfg = Debug|Any CPU
		{32101B9F-043F-443B-9B6F-A9B294E216BE}.Debug|Any CPU.Build.0 = Debug|Any CPU
		{32101B9F-043F-443B-9B6F-A9B294E216BE}.Release|Any CPU.ActiveCfg = Release|Any CPU
		{32101B9F-043F-443B-9B6F-A9B294E216BE}.Release|Any CPU.Build.0 = Release|Any CPU
	EndGlobalSection
	GlobalSection(SolutionProperties) = preSolution
		HideSolutionNode = FALSE
	EndGlobalSection
	GlobalSection(ExtensibilityGlobals) = postSolution
		SolutionGuid = {2D9ACE42-765A-4D69-85B0-338458A14941}
	EndGlobalSection
EndGlobal
